
Microsoft Visual Studio Solution File, Format Version 12.00
# Visual Studio Version 17
VisualStudioVersion = 17.5.33516.290
MinimumVisualStudioVersion = 10.0.40219.1
Project("{9A19103F-16F7-4668-BE54-9A1E7A4F7556}") = "RBTB_ServiceAccount.Application", "RBTB_ServiceAccount.Application\RBTB_ServiceAccount.Application.csproj", "{370404A7-5CD1-4432-8D38-352635BA7FC4}"
EndProject
Project("{9A19103F-16F7-4668-BE54-9A1E7A4F7556}") = "RBTB_ServiceAccount", "RBTB_ServiceAccount\RBTB_ServiceAccount.csproj", "{B0584BE5-B57A-4D50-9039-4E5BB4B53585}"
EndProject
Project("{9A19103F-16F7-4668-BE54-9A1E7A4F7556}") = "RBTB_ServiceAccount.Database", "RBTB_ServiceAccount.Database\RBTB_ServiceAccount.Database.csproj", "{3AFF84AC-C05B-46AC-8A04-BBE5CA36965B}"
EndProject
Project("{9A19103F-16F7-4668-BE54-9A1E7A4F7556}") = "RBTB_ServiceAccount.API", "RBTB_ServiceAccount.API\RBTB_ServiceAccount.API.csproj", "{12A0EDEE-EE76-4D8F-A427-504F389C879B}"
EndProject
Project("{FAE04EC0-301F-11D3-BF4B-00C04F79EFBC}") = "RBTB_ServiceAccount.Client", "RBTB_ServiceAccount.Client\RBTB_ServiceAccount.Client.csproj", "{B269E4EC-3755-46C7-989C-989012299818}"
EndProject
Global
	GlobalSection(SolutionConfigurationPlatforms) = preSolution
		Debug|Any CPU = Debug|Any CPU
		Release|Any CPU = Release|Any CPU
	EndGlobalSection
	GlobalSection(ProjectConfigurationPlatforms) = postSolution
		{370404A7-5CD1-4432-8D38-352635BA7FC4}.Debug|Any CPU.ActiveCfg = Debug|Any CPU
		{370404A7-5CD1-4432-8D38-352635BA7FC4}.Debug|Any CPU.Build.0 = Debug|Any CPU
		{370404A7-5CD1-4432-8D38-352635BA7FC4}.Release|Any CPU.ActiveCfg = Release|Any CPU
		{370404A7-5CD1-4432-8D38-352635BA7FC4}.Release|Any CPU.Build.0 = Release|Any CPU
		{B0584BE5-B57A-4D50-9039-4E5BB4B53585}.Debug|Any CPU.ActiveCfg = Debug|Any CPU
		{B0584BE5-B57A-4D50-9039-4E5BB4B53585}.Debug|Any CPU.Build.0 = Debug|Any CPU
		{B0584BE5-B57A-4D50-9039-4E5BB4B53585}.Release|Any CPU.ActiveCfg = Release|Any CPU
		{B0584BE5-B57A-4D50-9039-4E5BB4B53585}.Release|Any CPU.Build.0 = Release|Any CPU
		{3AFF84AC-C05B-46AC-8A04-BBE5CA36965B}.Debug|Any CPU.ActiveCfg = Debug|Any CPU
		{3AFF84AC-C05B-46AC-8A04-BBE5CA36965B}.Debug|Any CPU.Build.0 = Debug|Any CPU
		{3AFF84AC-C05B-46AC-8A04-BBE5CA36965B}.Release|Any CPU.ActiveCfg = Release|Any CPU
		{3AFF84AC-C05B-46AC-8A04-BBE5CA36965B}.Release|Any CPU.Build.0 = Release|Any CPU
		{12A0EDEE-EE76-4D8F-A427-504F389C879B}.Debug|Any CPU.ActiveCfg = Debug|Any CPU
		{12A0EDEE-EE76-4D8F-A427-504F389C879B}.Debug|Any CPU.Build.0 = Debug|Any CPU
		{12A0EDEE-EE76-4D8F-A427-504F389C879B}.Release|Any CPU.ActiveCfg = Release|Any CPU
		{12A0EDEE-EE76-4D8F-A427-504F389C879B}.Release|Any CPU.Build.0 = Release|Any CPU
		{B269E4EC-3755-46C7-989C-989012299818}.Debug|Any CPU.ActiveCfg = Debug|Any CPU
		{B269E4EC-3755-46C7-989C-989012299818}.Debug|Any CPU.Build.0 = Debug|Any CPU
		{B269E4EC-3755-46C7-989C-989012299818}.Release|Any CPU.ActiveCfg = Release|Any CPU
		{B269E4EC-3755-46C7-989C-989012299818}.Release|Any CPU.Build.0 = Release|Any CPU
	EndGlobalSection
	GlobalSection(SolutionProperties) = preSolution
		HideSolutionNode = FALSE
	EndGlobalSection
	GlobalSection(ExtensibilityGlobals) = postSolution
		SolutionGuid = {F8A7BC16-62B5-4D56-9FE9-D931D8793A0C}
	EndGlobalSection
EndGlobal
