
Microsoft Visual Studio Solution File, Format Version 12.00
Project("{FAE04EC0-301F-11D3-BF4B-00C04F79EFBC}") = "RBTB_ServiceAccount.Application", "RBTB_ServiceAccount.Application\RBTB_ServiceAccount.Application.csproj", "{370404A7-5CD1-4432-8D38-352635BA7FC4}"
EndProject
Project("{FAE04EC0-301F-11D3-BF4B-00C04F79EFBC}") = "RBTB_ServiceAccount", "RBTB_ServiceAccount\RBTB_ServiceAccount.csproj", "{B0584BE5-B57A-4D50-9039-4E5BB4B53585}"
EndProject
Project("{FAE04EC0-301F-11D3-BF4B-00C04F79EFBC}") = "RBTB_ServiceAccount.Database", "RBTB_ServiceAccount.Database\RBTB_ServiceAccount.Database.csproj", "{3AFF84AC-C05B-46AC-8A04-BBE5CA36965B}"
EndProject
Project("{FAE04EC0-301F-11D3-BF4B-00C04F79EFBC}") = "RBTB_ServiceAccount.API", "RBTB_ServiceAccount.API\RBTB_ServiceAccount.API.csproj", "{12A0EDEE-EE76-4D8F-A427-504F389C879B}"
EndProject
Global
	GlobalSection(SolutionConfigurationPlatforms) = preSolution
		Debug|Any CPU = Debug|Any CPU
		Release|Any CPU = Release|Any CPU
	EndGlobalSection
	GlobalSection(ProjectConfigurationPlatforms) = postSolution
		{370404A7-5CD1-4432-8D38-352635BA7FC4}.Debug|Any CPU.ActiveCfg = Debug|Any CPU
		{370404A7-5CD1-4432-8D38-352635BA7FC4}.Debug|Any CPU.Build.0 = Debug|Any CPU
		{370404A7-5CD1-4432-8D38-352635BA7FC4}.Release|Any CPU.ActiveCfg = Release|Any CPU
		{370404A7-5CD1-4432-8D38-352635BA7FC4}.Release|Any CPU.Build.0 = Release|Any CPU
		{B0584BE5-B57A-4D50-9039-4E5BB4B53585}.Debug|Any CPU.ActiveCfg = Debug|Any CPU
		{B0584BE5-B57A-4D50-9039-4E5BB4B53585}.Debug|Any CPU.Build.0 = Debug|Any CPU
		{B0584BE5-B57A-4D50-9039-4E5BB4B53585}.Release|Any CPU.ActiveCfg = Release|Any CPU
		{B0584BE5-B57A-4D50-9039-4E5BB4B53585}.Release|Any CPU.Build.0 = Release|Any CPU
		{3AFF84AC-C05B-46AC-8A04-BBE5CA36965B}.Debug|Any CPU.ActiveCfg = Debug|Any CPU
		{3AFF84AC-C05B-46AC-8A04-BBE5CA36965B}.Debug|Any CPU.Build.0 = Debug|Any CPU
		{3AFF84AC-C05B-46AC-8A04-BBE5CA36965B}.Release|Any CPU.ActiveCfg = Release|Any CPU
		{3AFF84AC-C05B-46AC-8A04-BBE5CA36965B}.Release|Any CPU.Build.0 = Release|Any CPU
		{12A0EDEE-EE76-4D8F-A427-504F389C879B}.Debug|Any CPU.ActiveCfg = Debug|Any CPU
		{12A0EDEE-EE76-4D8F-A427-504F389C879B}.Debug|Any CPU.Build.0 = Debug|Any CPU
		{12A0EDEE-EE76-4D8F-A427-504F389C879B}.Release|Any CPU.ActiveCfg = Release|Any CPU
		{12A0EDEE-EE76-4D8F-A427-504F389C879B}.Release|Any CPU.Build.0 = Release|Any CPU
	EndGlobalSection
EndGlobal
